
Microsoft Visual Studio Solution File, Format Version 11.00
# Visual Studio 2010
Project("{FAE04EC0-301F-11D3-BF4B-00C04F79EFBC}") = "gcConsole", "gcConsole\gcConsole.csproj", "{87DDDF89-3151-45BB-866C-AAAE9F17ECFA}"
EndProject
Project("{FAE04EC0-301F-11D3-BF4B-00C04F79EFBC}") = "gcConsole.Tests", "gcConsole.Tests\gcConsole.Tests.csproj", "{E7D9F686-4A01-4272-A68A-A34F65B76D70}"
EndProject
Global
	GlobalSection(SolutionConfigurationPlatforms) = preSolution
		Debug|Any CPU = Debug|Any CPU
		Release|Any CPU = Release|Any CPU
	EndGlobalSection
	GlobalSection(ProjectConfigurationPlatforms) = postSolution
		{87DDDF89-3151-45BB-866C-AAAE9F17ECFA}.Debug|Any CPU.ActiveCfg = Debug|Any CPU
		{87DDDF89-3151-45BB-866C-AAAE9F17ECFA}.Debug|Any CPU.Build.0 = Debug|Any CPU
		{87DDDF89-3151-45BB-866C-AAAE9F17ECFA}.Release|Any CPU.ActiveCfg = Release|Any CPU
		{87DDDF89-3151-45BB-866C-AAAE9F17ECFA}.Release|Any CPU.Build.0 = Release|Any CPU
		{E7D9F686-4A01-4272-A68A-A34F65B76D70}.Debug|Any CPU.ActiveCfg = Debug|Any CPU
		{E7D9F686-4A01-4272-A68A-A34F65B76D70}.Debug|Any CPU.Build.0 = Debug|Any CPU
		{E7D9F686-4A01-4272-A68A-A34F65B76D70}.Release|Any CPU.ActiveCfg = Release|Any CPU
		{E7D9F686-4A01-4272-A68A-A34F65B76D70}.Release|Any CPU.Build.0 = Release|Any CPU
	EndGlobalSection
	GlobalSection(SolutionProperties) = preSolution
		HideSolutionNode = FALSE
	EndGlobalSection
EndGlobal
